// !$*UTF8*$!
{
	archiveVersion = 1;
	classes = {
	};
	objectVersion = 56;
	objects = {

/* Begin PBXBuildFile section */
		067E8B672C17AF0D00402000 /* Aula_3App.swift in Sources */ = {isa = PBXBuildFile; fileRef = 067E8B662C17AF0D00402000 /* Aula_3App.swift */; };
		067E8B692C17AF0D00402000 /* ContentView.swift in Sources */ = {isa = PBXBuildFile; fileRef = 067E8B682C17AF0D00402000 /* ContentView.swift */; };
		067E8B6B2C17AF0F00402000 /* Assets.xcassets in Resources */ = {isa = PBXBuildFile; fileRef = 067E8B6A2C17AF0F00402000 /* Assets.xcassets */; };
		067E8B6E2C17AF0F00402000 /* Preview Assets.xcassets in Resources */ = {isa = PBXBuildFile; fileRef = 067E8B6D2C17AF0F00402000 /* Preview Assets.xcassets */; };
		067E8B782C17AF0F00402000 /* Aula_3Tests.swift in Sources */ = {isa = PBXBuildFile; fileRef = 067E8B772C17AF0F00402000 /* Aula_3Tests.swift */; };
		067E8B822C17AF0F00402000 /* Aula_3UITests.swift in Sources */ = {isa = PBXBuildFile; fileRef = 067E8B812C17AF0F00402000 /* Aula_3UITests.swift */; };
		067E8B842C17AF0F00402000 /* Aula_3UITestsLaunchTests.swift in Sources */ = {isa = PBXBuildFile; fileRef = 067E8B832C17AF0F00402000 /* Aula_3UITestsLaunchTests.swift */; };
/* End PBXBuildFile section */

/* Begin PBXContainerItemProxy section */
		067E8B742C17AF0F00402000 /* PBXContainerItemProxy */ = {
			isa = PBXContainerItemProxy;
			containerPortal = 067E8B5B2C17AF0D00402000 /* Project object */;
			proxyType = 1;
			remoteGlobalIDString = 067E8B622C17AF0D00402000;
			remoteInfo = "Aula 3";
		};
		067E8B7E2C17AF0F00402000 /* PBXContainerItemProxy */ = {
			isa = PBXContainerItemProxy;
			containerPortal = 067E8B5B2C17AF0D00402000 /* Project object */;
			proxyType = 1;
			remoteGlobalIDString = 067E8B622C17AF0D00402000;
			remoteInfo = "Aula 3";
		};
/* End PBXContainerItemProxy section */

/* Begin PBXFileReference section */
		067E8B632C17AF0D00402000 /* Aula 3.app */ = {isa = PBXFileReference; explicitFileType = wrapper.application; includeInIndex = 0; path = "Aula 3.app"; sourceTree = BUILT_PRODUCTS_DIR; };
		067E8B662C17AF0D00402000 /* Aula_3App.swift */ = {isa = PBXFileReference; lastKnownFileType = sourcecode.swift; path = Aula_3App.swift; sourceTree = "<group>"; };
		067E8B682C17AF0D00402000 /* ContentView.swift */ = {isa = PBXFileReference; lastKnownFileType = sourcecode.swift; path = ContentView.swift; sourceTree = "<group>"; };
		067E8B6A2C17AF0F00402000 /* Assets.xcassets */ = {isa = PBXFileReference; lastKnownFileType = folder.assetcatalog; path = Assets.xcassets; sourceTree = "<group>"; };
		067E8B6D2C17AF0F00402000 /* Preview Assets.xcassets */ = {isa = PBXFileReference; lastKnownFileType = folder.assetcatalog; path = "Preview Assets.xcassets"; sourceTree = "<group>"; };
		067E8B732C17AF0F00402000 /* Aula 3Tests.xctest */ = {isa = PBXFileReference; explicitFileType = wrapper.cfbundle; includeInIndex = 0; path = "Aula 3Tests.xctest"; sourceTree = BUILT_PRODUCTS_DIR; };
		067E8B772C17AF0F00402000 /* Aula_3Tests.swift */ = {isa = PBXFileReference; lastKnownFileType = sourcecode.swift; path = Aula_3Tests.swift; sourceTree = "<group>"; };
		067E8B7D2C17AF0F00402000 /* Aula 3UITests.xctest */ = {isa = PBXFileReference; explicitFileType = wrapper.cfbundle; includeInIndex = 0; path = "Aula 3UITests.xctest"; sourceTree = BUILT_PRODUCTS_DIR; };
		067E8B812C17AF0F00402000 /* Aula_3UITests.swift */ = {isa = PBXFileReference; lastKnownFileType = sourcecode.swift; path = Aula_3UITests.swift; sourceTree = "<group>"; };
		067E8B832C17AF0F00402000 /* Aula_3UITestsLaunchTests.swift */ = {isa = PBXFileReference; lastKnownFileType = sourcecode.swift; path = Aula_3UITestsLaunchTests.swift; sourceTree = "<group>"; };
/* End PBXFileReference section */

/* Begin PBXFrameworksBuildPhase section */
		067E8B602C17AF0D00402000 /* Frameworks */ = {
			isa = PBXFrameworksBuildPhase;
			buildActionMask = 2147483647;
			files = (
			);
			runOnlyForDeploymentPostprocessing = 0;
		};
		067E8B702C17AF0F00402000 /* Frameworks */ = {
			isa = PBXFrameworksBuildPhase;
			buildActionMask = 2147483647;
			files = (
			);
			runOnlyForDeploymentPostprocessing = 0;
		};
		067E8B7A2C17AF0F00402000 /* Frameworks */ = {
			isa = PBXFrameworksBuildPhase;
			buildActionMask = 2147483647;
			files = (
			);
			runOnlyForDeploymentPostprocessing = 0;
		};
/* End PBXFrameworksBuildPhase section */

/* Begin PBXGroup section */
		067E8B5A2C17AF0D00402000 = {
			isa = PBXGroup;
			children = (
				067E8B652C17AF0D00402000 /* Aula 3 */,
				067E8B762C17AF0F00402000 /* Aula 3Tests */,
				067E8B802C17AF0F00402000 /* Aula 3UITests */,
				067E8B642C17AF0D00402000 /* Products */,
			);
			sourceTree = "<group>";
		};
		067E8B642C17AF0D00402000 /* Products */ = {
			isa = PBXGroup;
			children = (
				067E8B632C17AF0D00402000 /* Aula 3.app */,
				067E8B732C17AF0F00402000 /* Aula 3Tests.xctest */,
				067E8B7D2C17AF0F00402000 /* Aula 3UITests.xctest */,
			);
			name = Products;
			sourceTree = "<group>";
		};
		067E8B652C17AF0D00402000 /* Aula 3 */ = {
			isa = PBXGroup;
			children = (
				067E8B662C17AF0D00402000 /* Aula_3App.swift */,
				067E8B682C17AF0D00402000 /* ContentView.swift */,
				067E8B6A2C17AF0F00402000 /* Assets.xcassets */,
				067E8B6C2C17AF0F00402000 /* Preview Content */,
			);
			path = "Aula 3";
			sourceTree = "<group>";
		};
		067E8B6C2C17AF0F00402000 /* Preview Content */ = {
			isa = PBXGroup;
			children = (
				067E8B6D2C17AF0F00402000 /* Preview Assets.xcassets */,
			);
			path = "Preview Content";
			sourceTree = "<group>";
		};
		067E8B762C17AF0F00402000 /* Aula 3Tests */ = {
			isa = PBXGroup;
			children = (
				067E8B772C17AF0F00402000 /* Aula_3Tests.swift */,
			);
			path = "Aula 3Tests";
			sourceTree = "<group>";
		};
		067E8B802C17AF0F00402000 /* Aula 3UITests */ = {
			isa = PBXGroup;
			children = (
				067E8B812C17AF0F00402000 /* Aula_3UITests.swift */,
				067E8B832C17AF0F00402000 /* Aula_3UITestsLaunchTests.swift */,
			);
			path = "Aula 3UITests";
			sourceTree = "<group>";
		};
/* End PBXGroup section */

/* Begin PBXNativeTarget section */
		067E8B622C17AF0D00402000 /* Aula 3 */ = {
			isa = PBXNativeTarget;
			buildConfigurationList = 067E8B872C17AF0F00402000 /* Build configuration list for PBXNativeTarget "Aula 3" */;
			buildPhases = (
				067E8B5F2C17AF0D00402000 /* Sources */,
				067E8B602C17AF0D00402000 /* Frameworks */,
				067E8B612C17AF0D00402000 /* Resources */,
			);
			buildRules = (
			);
			dependencies = (
			);
			name = "Aula 3";
			productName = "Aula 3";
			productReference = 067E8B632C17AF0D00402000 /* Aula 3.app */;
			productType = "com.apple.product-type.application";
		};
		067E8B722C17AF0F00402000 /* Aula 3Tests */ = {
			isa = PBXNativeTarget;
			buildConfigurationList = 067E8B8A2C17AF0F00402000 /* Build configuration list for PBXNativeTarget "Aula 3Tests" */;
			buildPhases = (
				067E8B6F2C17AF0F00402000 /* Sources */,
				067E8B702C17AF0F00402000 /* Frameworks */,
				067E8B712C17AF0F00402000 /* Resources */,
			);
			buildRules = (
			);
			dependencies = (
				067E8B752C17AF0F00402000 /* PBXTargetDependency */,
			);
			name = "Aula 3Tests";
			productName = "Aula 3Tests";
			productReference = 067E8B732C17AF0F00402000 /* Aula 3Tests.xctest */;
			productType = "com.apple.product-type.bundle.unit-test";
		};
		067E8B7C2C17AF0F00402000 /* Aula 3UITests */ = {
			isa = PBXNativeTarget;
			buildConfigurationList = 067E8B8D2C17AF0F00402000 /* Build configuration list for PBXNativeTarget "Aula 3UITests" */;
			buildPhases = (
				067E8B792C17AF0F00402000 /* Sources */,
				067E8B7A2C17AF0F00402000 /* Frameworks */,
				067E8B7B2C17AF0F00402000 /* Resources */,
			);
			buildRules = (
			);
			dependencies = (
				067E8B7F2C17AF0F00402000 /* PBXTargetDependency */,
			);
			name = "Aula 3UITests";
			productName = "Aula 3UITests";
			productReference = 067E8B7D2C17AF0F00402000 /* Aula 3UITests.xctest */;
			productType = "com.apple.product-type.bundle.ui-testing";
		};
/* End PBXNativeTarget section */

/* Begin PBXProject section */
		067E8B5B2C17AF0D00402000 /* Project object */ = {
			isa = PBXProject;
			attributes = {
				BuildIndependentTargetsInParallel = 1;
				LastSwiftUpdateCheck = 1520;
				LastUpgradeCheck = 1520;
				TargetAttributes = {
					067E8B622C17AF0D00402000 = {
						CreatedOnToolsVersion = 15.2;
					};
					067E8B722C17AF0F00402000 = {
						CreatedOnToolsVersion = 15.2;
						TestTargetID = 067E8B622C17AF0D00402000;
					};
					067E8B7C2C17AF0F00402000 = {
						CreatedOnToolsVersion = 15.2;
						TestTargetID = 067E8B622C17AF0D00402000;
					};
				};
			};
			buildConfigurationList = 067E8B5E2C17AF0D00402000 /* Build configuration list for PBXProject "Aula 3" */;
			compatibilityVersion = "Xcode 14.0";
			developmentRegion = en;
			hasScannedForEncodings = 0;
			knownRegions = (
				en,
				Base,
			);
			mainGroup = 067E8B5A2C17AF0D00402000;
			productRefGroup = 067E8B642C17AF0D00402000 /* Products */;
			projectDirPath = "";
			projectRoot = "";
			targets = (
				067E8B622C17AF0D00402000 /* Aula 3 */,
				067E8B722C17AF0F00402000 /* Aula 3Tests */,
				067E8B7C2C17AF0F00402000 /* Aula 3UITests */,
			);
		};
/* End PBXProject section */

/* Begin PBXResourcesBuildPhase section */
		067E8B612C17AF0D00402000 /* Resources */ = {
			isa = PBXResourcesBuildPhase;
			buildActionMask = 2147483647;
			files = (
				067E8B6E2C17AF0F00402000 /* Preview Assets.xcassets in Resources */,
				067E8B6B2C17AF0F00402000 /* Assets.xcassets in Resources */,
			);
			runOnlyForDeploymentPostprocessing = 0;
		};
		067E8B712C17AF0F00402000 /* Resources */ = {
			isa = PBXResourcesBuildPhase;
			buildActionMask = 2147483647;
			files = (
			);
			runOnlyForDeploymentPostprocessing = 0;
		};
		067E8B7B2C17AF0F00402000 /* Resources */ = {
			isa = PBXResourcesBuildPhase;
			buildActionMask = 2147483647;
			files = (
			);
			runOnlyForDeploymentPostprocessing = 0;
		};
/* End PBXResourcesBuildPhase section */

/* Begin PBXSourcesBuildPhase section */
		067E8B5F2C17AF0D00402000 /* Sources */ = {
			isa = PBXSourcesBuildPhase;
			buildActionMask = 2147483647;
			files = (
				067E8B692C17AF0D00402000 /* ContentView.swift in Sources */,
				067E8B672C17AF0D00402000 /* Aula_3App.swift in Sources */,
			);
			runOnlyForDeploymentPostprocessing = 0;
		};
		067E8B6F2C17AF0F00402000 /* Sources */ = {
			isa = PBXSourcesBuildPhase;
			buildActionMask = 2147483647;
			files = (
				067E8B782C17AF0F00402000 /* Aula_3Tests.swift in Sources */,
			);
			runOnlyForDeploymentPostprocessing = 0;
		};
		067E8B792C17AF0F00402000 /* Sources */ = {
			isa = PBXSourcesBuildPhase;
			buildActionMask = 2147483647;
			files = (
				067E8B822C17AF0F00402000 /* Aula_3UITests.swift in Sources */,
				067E8B842C17AF0F00402000 /* Aula_3UITestsLaunchTests.swift in Sources */,
			);
			runOnlyForDeploymentPostprocessing = 0;
		};
/* End PBXSourcesBuildPhase section */

/* Begin PBXTargetDependency section */
		067E8B752C17AF0F00402000 /* PBXTargetDependency */ = {
			isa = PBXTargetDependency;
			target = 067E8B622C17AF0D00402000 /* Aula 3 */;
			targetProxy = 067E8B742C17AF0F00402000 /* PBXContainerItemProxy */;
		};
		067E8B7F2C17AF0F00402000 /* PBXTargetDependency */ = {
			isa = PBXTargetDependency;
			target = 067E8B622C17AF0D00402000 /* Aula 3 */;
			targetProxy = 067E8B7E2C17AF0F00402000 /* PBXContainerItemProxy */;
		};
/* End PBXTargetDependency section */

/* Begin XCBuildConfiguration section */
		067E8B852C17AF0F00402000 /* Debug */ = {
			isa = XCBuildConfiguration;
			buildSettings = {
				ALWAYS_SEARCH_USER_PATHS = NO;
				ASSETCATALOG_COMPILER_GENERATE_SWIFT_ASSET_SYMBOL_EXTENSIONS = YES;
				CLANG_ANALYZER_NONNULL = YES;
				CLANG_ANALYZER_NUMBER_OBJECT_CONVERSION = YES_AGGRESSIVE;
				CLANG_CXX_LANGUAGE_STANDARD = "gnu++20";
				CLANG_ENABLE_MODULES = YES;
				CLANG_ENABLE_OBJC_ARC = YES;
				CLANG_ENABLE_OBJC_WEAK = YES;
				CLANG_WARN_BLOCK_CAPTURE_AUTORELEASING = YES;
				CLANG_WARN_BOOL_CONVERSION = YES;
				CLANG_WARN_COMMA = YES;
				CLANG_WARN_CONSTANT_CONVERSION = YES;
				CLANG_WARN_DEPRECATED_OBJC_IMPLEMENTATIONS = YES;
				CLANG_WARN_DIRECT_OBJC_ISA_USAGE = YES_ERROR;
				CLANG_WARN_DOCUMENTATION_COMMENTS = YES;
				CLANG_WARN_EMPTY_BODY = YES;
				CLANG_WARN_ENUM_CONVERSION = YES;
				CLANG_WARN_INFINITE_RECURSION = YES;
				CLANG_WARN_INT_CONVERSION = YES;
				CLANG_WARN_NON_LITERAL_NULL_CONVERSION = YES;
				CLANG_WARN_OBJC_IMPLICIT_RETAIN_SELF = YES;
				CLANG_WARN_OBJC_LITERAL_CONVERSION = YES;
				CLANG_WARN_OBJC_ROOT_CLASS = YES_ERROR;
				CLANG_WARN_QUOTED_INCLUDE_IN_FRAMEWORK_HEADER = YES;
				CLANG_WARN_RANGE_LOOP_ANALYSIS = YES;
				CLANG_WARN_STRICT_PROTOTYPES = YES;
				CLANG_WARN_SUSPICIOUS_MOVE = YES;
				CLANG_WARN_UNGUARDED_AVAILABILITY = YES_AGGRESSIVE;
				CLANG_WARN_UNREACHABLE_CODE = YES;
				CLANG_WARN__DUPLICATE_METHOD_MATCH = YES;
				COPY_PHASE_STRIP = NO;
				DEBUG_INFORMATION_FORMAT = dwarf;
				ENABLE_STRICT_OBJC_MSGSEND = YES;
				ENABLE_TESTABILITY = YES;
				ENABLE_USER_SCRIPT_SANDBOXING = YES;
				GCC_C_LANGUAGE_STANDARD = gnu17;
				GCC_DYNAMIC_NO_PIC = NO;
				GCC_NO_COMMON_BLOCKS = YES;
				GCC_OPTIMIZATION_LEVEL = 0;
				GCC_PREPROCESSOR_DEFINITIONS = (
					"DEBUG=1",
					"$(inherited)",
				);
				GCC_WARN_64_TO_32_BIT_CONVERSION = YES;
				GCC_WARN_ABOUT_RETURN_TYPE = YES_ERROR;
				GCC_WARN_UNDECLARED_SELECTOR = YES;
				GCC_WARN_UNINITIALIZED_AUTOS = YES_AGGRESSIVE;
				GCC_WARN_UNUSED_FUNCTION = YES;
				GCC_WARN_UNUSED_VARIABLE = YES;
				IPHONEOS_DEPLOYMENT_TARGET = 17.2;
				LOCALIZATION_PREFERS_STRING_CATALOGS = YES;
				MTL_ENABLE_DEBUG_INFO = INCLUDE_SOURCE;
				MTL_FAST_MATH = YES;
				ONLY_ACTIVE_ARCH = YES;
				SDKROOT = iphoneos;
				SWIFT_ACTIVE_COMPILATION_CONDITIONS = "DEBUG $(inherited)";
				SWIFT_OPTIMIZATION_LEVEL = "-Onone";
			};
			name = Debug;
		};
		067E8B862C17AF0F00402000 /* Release */ = {
			isa = XCBuildConfiguration;
			buildSettings = {
				ALWAYS_SEARCH_USER_PATHS = NO;
				ASSETCATALOG_COMPILER_GENERATE_SWIFT_ASSET_SYMBOL_EXTENSIONS = YES;
				CLANG_ANALYZER_NONNULL = YES;
				CLANG_ANALYZER_NUMBER_OBJECT_CONVERSION = YES_AGGRESSIVE;
				CLANG_CXX_LANGUAGE_STANDARD = "gnu++20";
				CLANG_ENABLE_MODULES = YES;
				CLANG_ENABLE_OBJC_ARC = YES;
				CLANG_ENABLE_OBJC_WEAK = YES;
				CLANG_WARN_BLOCK_CAPTURE_AUTORELEASING = YES;
				CLANG_WARN_BOOL_CONVERSION = YES;
				CLANG_WARN_COMMA = YES;
				CLANG_WARN_CONSTANT_CONVERSION = YES;
				CLANG_WARN_DEPRECATED_OBJC_IMPLEMENTATIONS = YES;
				CLANG_WARN_DIRECT_OBJC_ISA_USAGE = YES_ERROR;
				CLANG_WARN_DOCUMENTATION_COMMENTS = YES;
				CLANG_WARN_EMPTY_BODY = YES;
				CLANG_WARN_ENUM_CONVERSION = YES;
				CLANG_WARN_INFINITE_RECURSION = YES;
				CLANG_WARN_INT_CONVERSION = YES;
				CLANG_WARN_NON_LITERAL_NULL_CONVERSION = YES;
				CLANG_WARN_OBJC_IMPLICIT_RETAIN_SELF = YES;
				CLANG_WARN_OBJC_LITERAL_CONVERSION = YES;
				CLANG_WARN_OBJC_ROOT_CLASS = YES_ERROR;
				CLANG_WARN_QUOTED_INCLUDE_IN_FRAMEWORK_HEADER = YES;
				CLANG_WARN_RANGE_LOOP_ANALYSIS = YES;
				CLANG_WARN_STRICT_PROTOTYPES = YES;
				CLANG_WARN_SUSPICIOUS_MOVE = YES;
				CLANG_WARN_UNGUARDED_AVAILABILITY = YES_AGGRESSIVE;
				CLANG_WARN_UNREACHABLE_CODE = YES;
				CLANG_WARN__DUPLICATE_METHOD_MATCH = YES;
				COPY_PHASE_STRIP = NO;
				DEBUG_INFORMATION_FORMAT = "dwarf-with-dsym";
				ENABLE_NS_ASSERTIONS = NO;
				ENABLE_STRICT_OBJC_MSGSEND = YES;
				ENABLE_USER_SCRIPT_SANDBOXING = YES;
				GCC_C_LANGUAGE_STANDARD = gnu17;
				GCC_NO_COMMON_BLOCKS = YES;
				GCC_WARN_64_TO_32_BIT_CONVERSION = YES;
				GCC_WARN_ABOUT_RETURN_TYPE = YES_ERROR;
				GCC_WARN_UNDECLARED_SELECTOR = YES;
				GCC_WARN_UNINITIALIZED_AUTOS = YES_AGGRESSIVE;
				GCC_WARN_UNUSED_FUNCTION = YES;
				GCC_WARN_UNUSED_VARIABLE = YES;
				IPHONEOS_DEPLOYMENT_TARGET = 17.2;
				LOCALIZATION_PREFERS_STRING_CATALOGS = YES;
				MTL_ENABLE_DEBUG_INFO = NO;
				MTL_FAST_MATH = YES;
				SDKROOT = iphoneos;
				SWIFT_COMPILATION_MODE = wholemodule;
				VALIDATE_PRODUCT = YES;
			};
			name = Release;
		};
		067E8B882C17AF0F00402000 /* Debug */ = {
			isa = XCBuildConfiguration;
			buildSettings = {
				ASSETCATALOG_COMPILER_APPICON_NAME = AppIcon;
				ASSETCATALOG_COMPILER_GLOBAL_ACCENT_COLOR_NAME = AccentColor;
				CODE_SIGN_STYLE = Automatic;
				CURRENT_PROJECT_VERSION = 1;
				DEVELOPMENT_ASSET_PATHS = "\"Aula 3/Preview Content\"";
				ENABLE_PREVIEWS = YES;
				GENERATE_INFOPLIST_FILE = YES;
				INFOPLIST_KEY_UIApplicationSceneManifest_Generation = YES;
				INFOPLIST_KEY_UIApplicationSupportsIndirectInputEvents = YES;
				INFOPLIST_KEY_UILaunchScreen_Generation = YES;
				INFOPLIST_KEY_UISupportedInterfaceOrientations_iPad = "UIInterfaceOrientationPortrait UIInterfaceOrientationPortraitUpsideDown UIInterfaceOrientationLandscapeLeft UIInterfaceOrientationLandscapeRight";
				INFOPLIST_KEY_UISupportedInterfaceOrientations_iPhone = "UIInterfaceOrientationPortrait UIInterfaceOrientationLandscapeLeft UIInterfaceOrientationLandscapeRight";
				LD_RUNPATH_SEARCH_PATHS = (
					"$(inherited)",
					"@executable_path/Frameworks",
				);
				MARKETING_VERSION = 1.0;
				PRODUCT_BUNDLE_IDENTIFIER = "-.Aula-3";
				PRODUCT_NAME = "$(TARGET_NAME)";
				SWIFT_EMIT_LOC_STRINGS = YES;
				SWIFT_VERSION = 5.0;
				TARGETED_DEVICE_FAMILY = "1,2";
			};
			name = Debug;
		};
		067E8B892C17AF0F00402000 /* Release */ = {
			isa = XCBuildConfiguration;
			buildSettings = {
				ASSETCATALOG_COMPILER_APPICON_NAME = AppIcon;
				ASSETCATALOG_COMPILER_GLOBAL_ACCENT_COLOR_NAME = AccentColor;
				CODE_SIGN_STYLE = Automatic;
				CURRENT_PROJECT_VERSION = 1;
				DEVELOPMENT_ASSET_PATHS = "\"Aula 3/Preview Content\"";
				ENABLE_PREVIEWS = YES;
				GENERATE_INFOPLIST_FILE = YES;
				INFOPLIST_KEY_UIApplicationSceneManifest_Generation = YES;
				INFOPLIST_KEY_UIApplicationSupportsIndirectInputEvents = YES;
				INFOPLIST_KEY_UILaunchScreen_Generation = YES;
				INFOPLIST_KEY_UISupportedInterfaceOrientations_iPad = "UIInterfaceOrientationPortrait UIInterfaceOrientationPortraitUpsideDown UIInterfaceOrientationLandscapeLeft UIInterfaceOrientationLandscapeRight";
				INFOPLIST_KEY_UISupportedInterfaceOrientations_iPhone = "UIInterfaceOrientationPortrait UIInterfaceOrientationLandscapeLeft UIInterfaceOrientationLandscapeRight";
				LD_RUNPATH_SEARCH_PATHS = (
					"$(inherited)",
					"@executable_path/Frameworks",
				);
				MARKETING_VERSION = 1.0;
				PRODUCT_BUNDLE_IDENTIFIER = "-.Aula-3";
				PRODUCT_NAME = "$(TARGET_NAME)";
				SWIFT_EMIT_LOC_STRINGS = YES;
				SWIFT_VERSION = 5.0;
				TARGETED_DEVICE_FAMILY = "1,2";
			};
			name = Release;
		};
		067E8B8B2C17AF0F00402000 /* Debug */ = {
			isa = XCBuildConfiguration;
			buildSettings = {
				ALWAYS_EMBED_SWIFT_STANDARD_LIBRARIES = YES;
				BUNDLE_LOADER = "$(TEST_HOST)";
				CODE_SIGN_STYLE = Automatic;
				CURRENT_PROJECT_VERSION = 1;
				GENERATE_INFOPLIST_FILE = YES;
				IPHONEOS_DEPLOYMENT_TARGET = 17.2;
				MARKETING_VERSION = 1.0;
				PRODUCT_BUNDLE_IDENTIFIER = "-.Aula-3Tests";
				PRODUCT_NAME = "$(TARGET_NAME)";
				SWIFT_EMIT_LOC_STRINGS = NO;
				SWIFT_VERSION = 5.0;
				TARGETED_DEVICE_FAMILY = "1,2";
				TEST_HOST = "$(BUILT_PRODUCTS_DIR)/Aula 3.app/$(BUNDLE_EXECUTABLE_FOLDER_PATH)/Aula 3";
			};
			name = Debug;
		};
		067E8B8C2C17AF0F00402000 /* Release */ = {
			isa = XCBuildConfiguration;
			buildSettings = {
				ALWAYS_EMBED_SWIFT_STANDARD_LIBRARIES = YES;
				BUNDLE_LOADER = "$(TEST_HOST)";
				CODE_SIGN_STYLE = Automatic;
				CURRENT_PROJECT_VERSION = 1;
				GENERATE_INFOPLIST_FILE = YES;
				IPHONEOS_DEPLOYMENT_TARGET = 17.2;
				MARKETING_VERSION = 1.0;
				PRODUCT_BUNDLE_IDENTIFIER = "-.Aula-3Tests";
				PRODUCT_NAME = "$(TARGET_NAME)";
				SWIFT_EMIT_LOC_STRINGS = NO;
				SWIFT_VERSION = 5.0;
				TARGETED_DEVICE_FAMILY = "1,2";
				TEST_HOST = "$(BUILT_PRODUCTS_DIR)/Aula 3.app/$(BUNDLE_EXECUTABLE_FOLDER_PATH)/Aula 3";
			};
			name = Release;
		};
		067E8B8E2C17AF0F00402000 /* Debug */ = {
			isa = XCBuildConfiguration;
			buildSettings = {
				ALWAYS_EMBED_SWIFT_STANDARD_LIBRARIES = YES;
				CODE_SIGN_STYLE = Automatic;
				CURRENT_PROJECT_VERSION = 1;
				GENERATE_INFOPLIST_FILE = YES;
				MARKETING_VERSION = 1.0;
				PRODUCT_BUNDLE_IDENTIFIER = "-.Aula-3UITests";
				PRODUCT_NAME = "$(TARGET_NAME)";
				SWIFT_EMIT_LOC_STRINGS = NO;
				SWIFT_VERSION = 5.0;
				TARGETED_DEVICE_FAMILY = "1,2";
				TEST_TARGET_NAME = "Aula 3";
			};
			name = Debug;
		};
		067E8B8F2C17AF0F00402000 /* Release */ = {
			isa = XCBuildConfiguration;
			buildSettings = {
				ALWAYS_EMBED_SWIFT_STANDARD_LIBRARIES = YES;
				CODE_SIGN_STYLE = Automatic;
				CURRENT_PROJECT_VERSION = 1;
				GENERATE_INFOPLIST_FILE = YES;
				MARKETING_VERSION = 1.0;
				PRODUCT_BUNDLE_IDENTIFIER = "-.Aula-3UITests";
				PRODUCT_NAME = "$(TARGET_NAME)";
				SWIFT_EMIT_LOC_STRINGS = NO;
				SWIFT_VERSION = 5.0;
				TARGETED_DEVICE_FAMILY = "1,2";
				TEST_TARGET_NAME = "Aula 3";
			};
			name = Release;
		};
/* End XCBuildConfiguration section */

/* Begin XCConfigurationList section */
		067E8B5E2C17AF0D00402000 /* Build configuration list for PBXProject "Aula 3" */ = {
			isa = XCConfigurationList;
			buildConfigurations = (
				067E8B852C17AF0F00402000 /* Debug */,
				067E8B862C17AF0F00402000 /* Release */,
			);
			defaultConfigurationIsVisible = 0;
			defaultConfigurationName = Release;
		};
		067E8B872C17AF0F00402000 /* Build configuration list for PBXNativeTarget "Aula 3" */ = {
			isa = XCConfigurationList;
			buildConfigurations = (
				067E8B882C17AF0F00402000 /* Debug */,
				067E8B892C17AF0F00402000 /* Release */,
			);
			defaultConfigurationIsVisible = 0;
			defaultConfigurationName = Release;
		};
		067E8B8A2C17AF0F00402000 /* Build configuration list for PBXNativeTarget "Aula 3Tests" */ = {
			isa = XCConfigurationList;
			buildConfigurations = (
				067E8B8B2C17AF0F00402000 /* Debug */,
				067E8B8C2C17AF0F00402000 /* Release */,
			);
			defaultConfigurationIsVisible = 0;
			defaultConfigurationName = Release;
		};
		067E8B8D2C17AF0F00402000 /* Build configuration list for PBXNativeTarget "Aula 3UITests" */ = {
			isa = XCConfigurationList;
			buildConfigurations = (
				067E8B8E2C17AF0F00402000 /* Debug */,
				067E8B8F2C17AF0F00402000 /* Release */,
			);
			defaultConfigurationIsVisible = 0;
			defaultConfigurationName = Release;
		};
/* End XCConfigurationList section */
	};
	rootObject = 067E8B5B2C17AF0D00402000 /* Project object */;
}
