// !$*UTF8*$!
{
	archiveVersion = 1;
	classes = {
	};
	objectVersion = 56;
	objects = {

/* Begin PBXBuildFile section */
		060345C72C1BA36400E94EF3 /* Aula_6App.swift in Sources */ = {isa = PBXBuildFile; fileRef = 060345C62C1BA36400E94EF3 /* Aula_6App.swift */; };
		060345C92C1BA36400E94EF3 /* ContentView.swift in Sources */ = {isa = PBXBuildFile; fileRef = 060345C82C1BA36400E94EF3 /* ContentView.swift */; };
		060345CB2C1BA36600E94EF3 /* Assets.xcassets in Resources */ = {isa = PBXBuildFile; fileRef = 060345CA2C1BA36600E94EF3 /* Assets.xcassets */; };
		060345CE2C1BA36600E94EF3 /* Preview Assets.xcassets in Resources */ = {isa = PBXBuildFile; fileRef = 060345CD2C1BA36600E94EF3 /* Preview Assets.xcassets */; };
		060345D82C1BA36600E94EF3 /* Aula_6Tests.swift in Sources */ = {isa = PBXBuildFile; fileRef = 060345D72C1BA36600E94EF3 /* Aula_6Tests.swift */; };
		060345E22C1BA36600E94EF3 /* Aula_6UITests.swift in Sources */ = {isa = PBXBuildFile; fileRef = 060345E12C1BA36600E94EF3 /* Aula_6UITests.swift */; };
		060345E42C1BA36600E94EF3 /* Aula_6UITestsLaunchTests.swift in Sources */ = {isa = PBXBuildFile; fileRef = 060345E32C1BA36600E94EF3 /* Aula_6UITestsLaunchTests.swift */; };
		060345F12C1BA38500E94EF3 /* structMapa.swift in Sources */ = {isa = PBXBuildFile; fileRef = 060345F02C1BA38500E94EF3 /* structMapa.swift */; };
		060345F32C1BBED800E94EF3 /* sheetInfo.swift in Sources */ = {isa = PBXBuildFile; fileRef = 060345F22C1BBED800E94EF3 /* sheetInfo.swift */; };
/* End PBXBuildFile section */

/* Begin PBXContainerItemProxy section */
		060345D42C1BA36600E94EF3 /* PBXContainerItemProxy */ = {
			isa = PBXContainerItemProxy;
			containerPortal = 060345BB2C1BA36400E94EF3 /* Project object */;
			proxyType = 1;
			remoteGlobalIDString = 060345C22C1BA36400E94EF3;
			remoteInfo = "Aula 6";
		};
		060345DE2C1BA36600E94EF3 /* PBXContainerItemProxy */ = {
			isa = PBXContainerItemProxy;
			containerPortal = 060345BB2C1BA36400E94EF3 /* Project object */;
			proxyType = 1;
			remoteGlobalIDString = 060345C22C1BA36400E94EF3;
			remoteInfo = "Aula 6";
		};
/* End PBXContainerItemProxy section */

/* Begin PBXFileReference section */
		060345C32C1BA36400E94EF3 /* Aula 6.app */ = {isa = PBXFileReference; explicitFileType = wrapper.application; includeInIndex = 0; path = "Aula 6.app"; sourceTree = BUILT_PRODUCTS_DIR; };
		060345C62C1BA36400E94EF3 /* Aula_6App.swift */ = {isa = PBXFileReference; lastKnownFileType = sourcecode.swift; path = Aula_6App.swift; sourceTree = "<group>"; };
		060345C82C1BA36400E94EF3 /* ContentView.swift */ = {isa = PBXFileReference; lastKnownFileType = sourcecode.swift; path = ContentView.swift; sourceTree = "<group>"; };
		060345CA2C1BA36600E94EF3 /* Assets.xcassets */ = {isa = PBXFileReference; lastKnownFileType = folder.assetcatalog; path = Assets.xcassets; sourceTree = "<group>"; };
		060345CD2C1BA36600E94EF3 /* Preview Assets.xcassets */ = {isa = PBXFileReference; lastKnownFileType = folder.assetcatalog; path = "Preview Assets.xcassets"; sourceTree = "<group>"; };
		060345D32C1BA36600E94EF3 /* Aula 6Tests.xctest */ = {isa = PBXFileReference; explicitFileType = wrapper.cfbundle; includeInIndex = 0; path = "Aula 6Tests.xctest"; sourceTree = BUILT_PRODUCTS_DIR; };
		060345D72C1BA36600E94EF3 /* Aula_6Tests.swift */ = {isa = PBXFileReference; lastKnownFileType = sourcecode.swift; path = Aula_6Tests.swift; sourceTree = "<group>"; };
		060345DD2C1BA36600E94EF3 /* Aula 6UITests.xctest */ = {isa = PBXFileReference; explicitFileType = wrapper.cfbundle; includeInIndex = 0; path = "Aula 6UITests.xctest"; sourceTree = BUILT_PRODUCTS_DIR; };
		060345E12C1BA36600E94EF3 /* Aula_6UITests.swift */ = {isa = PBXFileReference; lastKnownFileType = sourcecode.swift; path = Aula_6UITests.swift; sourceTree = "<group>"; };
		060345E32C1BA36600E94EF3 /* Aula_6UITestsLaunchTests.swift */ = {isa = PBXFileReference; lastKnownFileType = sourcecode.swift; path = Aula_6UITestsLaunchTests.swift; sourceTree = "<group>"; };
		060345F02C1BA38500E94EF3 /* structMapa.swift */ = {isa = PBXFileReference; lastKnownFileType = sourcecode.swift; path = structMapa.swift; sourceTree = "<group>"; };
		060345F22C1BBED800E94EF3 /* sheetInfo.swift */ = {isa = PBXFileReference; lastKnownFileType = sourcecode.swift; path = sheetInfo.swift; sourceTree = "<group>"; };
/* End PBXFileReference section */

/* Begin PBXFrameworksBuildPhase section */
		060345C02C1BA36400E94EF3 /* Frameworks */ = {
			isa = PBXFrameworksBuildPhase;
			buildActionMask = 2147483647;
			files = (
			);
			runOnlyForDeploymentPostprocessing = 0;
		};
		060345D02C1BA36600E94EF3 /* Frameworks */ = {
			isa = PBXFrameworksBuildPhase;
			buildActionMask = 2147483647;
			files = (
			);
			runOnlyForDeploymentPostprocessing = 0;
		};
		060345DA2C1BA36600E94EF3 /* Frameworks */ = {
			isa = PBXFrameworksBuildPhase;
			buildActionMask = 2147483647;
			files = (
			);
			runOnlyForDeploymentPostprocessing = 0;
		};
/* End PBXFrameworksBuildPhase section */

/* Begin PBXGroup section */
		060345BA2C1BA36400E94EF3 = {
			isa = PBXGroup;
			children = (
				060345F02C1BA38500E94EF3 /* structMapa.swift */,
				060345C52C1BA36400E94EF3 /* Aula 6 */,
				060345D62C1BA36600E94EF3 /* Aula 6Tests */,
				060345E02C1BA36600E94EF3 /* Aula 6UITests */,
				060345C42C1BA36400E94EF3 /* Products */,
			);
			sourceTree = "<group>";
		};
		060345C42C1BA36400E94EF3 /* Products */ = {
			isa = PBXGroup;
			children = (
				060345C32C1BA36400E94EF3 /* Aula 6.app */,
				060345D32C1BA36600E94EF3 /* Aula 6Tests.xctest */,
				060345DD2C1BA36600E94EF3 /* Aula 6UITests.xctest */,
			);
			name = Products;
			sourceTree = "<group>";
		};
		060345C52C1BA36400E94EF3 /* Aula 6 */ = {
			isa = PBXGroup;
			children = (
				060345C62C1BA36400E94EF3 /* Aula_6App.swift */,
				060345C82C1BA36400E94EF3 /* ContentView.swift */,
				060345F22C1BBED800E94EF3 /* sheetInfo.swift */,
				060345CA2C1BA36600E94EF3 /* Assets.xcassets */,
				060345CC2C1BA36600E94EF3 /* Preview Content */,
			);
			path = "Aula 6";
			sourceTree = "<group>";
		};
		060345CC2C1BA36600E94EF3 /* Preview Content */ = {
			isa = PBXGroup;
			children = (
				060345CD2C1BA36600E94EF3 /* Preview Assets.xcassets */,
			);
			path = "Preview Content";
			sourceTree = "<group>";
		};
		060345D62C1BA36600E94EF3 /* Aula 6Tests */ = {
			isa = PBXGroup;
			children = (
				060345D72C1BA36600E94EF3 /* Aula_6Tests.swift */,
			);
			path = "Aula 6Tests";
			sourceTree = "<group>";
		};
		060345E02C1BA36600E94EF3 /* Aula 6UITests */ = {
			isa = PBXGroup;
			children = (
				060345E12C1BA36600E94EF3 /* Aula_6UITests.swift */,
				060345E32C1BA36600E94EF3 /* Aula_6UITestsLaunchTests.swift */,
			);
			path = "Aula 6UITests";
			sourceTree = "<group>";
		};
/* End PBXGroup section */

/* Begin PBXNativeTarget section */
		060345C22C1BA36400E94EF3 /* Aula 6 */ = {
			isa = PBXNativeTarget;
			buildConfigurationList = 060345E72C1BA36600E94EF3 /* Build configuration list for PBXNativeTarget "Aula 6" */;
			buildPhases = (
				060345BF2C1BA36400E94EF3 /* Sources */,
				060345C02C1BA36400E94EF3 /* Frameworks */,
				060345C12C1BA36400E94EF3 /* Resources */,
			);
			buildRules = (
			);
			dependencies = (
			);
			name = "Aula 6";
			productName = "Aula 6";
			productReference = 060345C32C1BA36400E94EF3 /* Aula 6.app */;
			productType = "com.apple.product-type.application";
		};
		060345D22C1BA36600E94EF3 /* Aula 6Tests */ = {
			isa = PBXNativeTarget;
			buildConfigurationList = 060345EA2C1BA36600E94EF3 /* Build configuration list for PBXNativeTarget "Aula 6Tests" */;
			buildPhases = (
				060345CF2C1BA36600E94EF3 /* Sources */,
				060345D02C1BA36600E94EF3 /* Frameworks */,
				060345D12C1BA36600E94EF3 /* Resources */,
			);
			buildRules = (
			);
			dependencies = (
				060345D52C1BA36600E94EF3 /* PBXTargetDependency */,
			);
			name = "Aula 6Tests";
			productName = "Aula 6Tests";
			productReference = 060345D32C1BA36600E94EF3 /* Aula 6Tests.xctest */;
			productType = "com.apple.product-type.bundle.unit-test";
		};
		060345DC2C1BA36600E94EF3 /* Aula 6UITests */ = {
			isa = PBXNativeTarget;
			buildConfigurationList = 060345ED2C1BA36600E94EF3 /* Build configuration list for PBXNativeTarget "Aula 6UITests" */;
			buildPhases = (
				060345D92C1BA36600E94EF3 /* Sources */,
				060345DA2C1BA36600E94EF3 /* Frameworks */,
				060345DB2C1BA36600E94EF3 /* Resources */,
			);
			buildRules = (
			);
			dependencies = (
				060345DF2C1BA36600E94EF3 /* PBXTargetDependency */,
			);
			name = "Aula 6UITests";
			productName = "Aula 6UITests";
			productReference = 060345DD2C1BA36600E94EF3 /* Aula 6UITests.xctest */;
			productType = "com.apple.product-type.bundle.ui-testing";
		};
/* End PBXNativeTarget section */

/* Begin PBXProject section */
		060345BB2C1BA36400E94EF3 /* Project object */ = {
			isa = PBXProject;
			attributes = {
				BuildIndependentTargetsInParallel = 1;
				LastSwiftUpdateCheck = 1520;
				LastUpgradeCheck = 1520;
				TargetAttributes = {
					060345C22C1BA36400E94EF3 = {
						CreatedOnToolsVersion = 15.2;
					};
					060345D22C1BA36600E94EF3 = {
						CreatedOnToolsVersion = 15.2;
						TestTargetID = 060345C22C1BA36400E94EF3;
					};
					060345DC2C1BA36600E94EF3 = {
						CreatedOnToolsVersion = 15.2;
						TestTargetID = 060345C22C1BA36400E94EF3;
					};
				};
			};
			buildConfigurationList = 060345BE2C1BA36400E94EF3 /* Build configuration list for PBXProject "Aula 6" */;
			compatibilityVersion = "Xcode 14.0";
			developmentRegion = en;
			hasScannedForEncodings = 0;
			knownRegions = (
				en,
				Base,
			);
			mainGroup = 060345BA2C1BA36400E94EF3;
			productRefGroup = 060345C42C1BA36400E94EF3 /* Products */;
			projectDirPath = "";
			projectRoot = "";
			targets = (
				060345C22C1BA36400E94EF3 /* Aula 6 */,
				060345D22C1BA36600E94EF3 /* Aula 6Tests */,
				060345DC2C1BA36600E94EF3 /* Aula 6UITests */,
			);
		};
/* End PBXProject section */

/* Begin PBXResourcesBuildPhase section */
		060345C12C1BA36400E94EF3 /* Resources */ = {
			isa = PBXResourcesBuildPhase;
			buildActionMask = 2147483647;
			files = (
				060345CE2C1BA36600E94EF3 /* Preview Assets.xcassets in Resources */,
				060345CB2C1BA36600E94EF3 /* Assets.xcassets in Resources */,
			);
			runOnlyForDeploymentPostprocessing = 0;
		};
		060345D12C1BA36600E94EF3 /* Resources */ = {
			isa = PBXResourcesBuildPhase;
			buildActionMask = 2147483647;
			files = (
			);
			runOnlyForDeploymentPostprocessing = 0;
		};
		060345DB2C1BA36600E94EF3 /* Resources */ = {
			isa = PBXResourcesBuildPhase;
			buildActionMask = 2147483647;
			files = (
			);
			runOnlyForDeploymentPostprocessing = 0;
		};
/* End PBXResourcesBuildPhase section */

/* Begin PBXSourcesBuildPhase section */
		060345BF2C1BA36400E94EF3 /* Sources */ = {
			isa = PBXSourcesBuildPhase;
			buildActionMask = 2147483647;
			files = (
				060345C92C1BA36400E94EF3 /* ContentView.swift in Sources */,
				060345C72C1BA36400E94EF3 /* Aula_6App.swift in Sources */,
				060345F12C1BA38500E94EF3 /* structMapa.swift in Sources */,
				060345F32C1BBED800E94EF3 /* sheetInfo.swift in Sources */,
			);
			runOnlyForDeploymentPostprocessing = 0;
		};
		060345CF2C1BA36600E94EF3 /* Sources */ = {
			isa = PBXSourcesBuildPhase;
			buildActionMask = 2147483647;
			files = (
				060345D82C1BA36600E94EF3 /* Aula_6Tests.swift in Sources */,
			);
			runOnlyForDeploymentPostprocessing = 0;
		};
		060345D92C1BA36600E94EF3 /* Sources */ = {
			isa = PBXSourcesBuildPhase;
			buildActionMask = 2147483647;
			files = (
				060345E42C1BA36600E94EF3 /* Aula_6UITestsLaunchTests.swift in Sources */,
				060345E22C1BA36600E94EF3 /* Aula_6UITests.swift in Sources */,
			);
			runOnlyForDeploymentPostprocessing = 0;
		};
/* End PBXSourcesBuildPhase section */

/* Begin PBXTargetDependency section */
		060345D52C1BA36600E94EF3 /* PBXTargetDependency */ = {
			isa = PBXTargetDependency;
			target = 060345C22C1BA36400E94EF3 /* Aula 6 */;
			targetProxy = 060345D42C1BA36600E94EF3 /* PBXContainerItemProxy */;
		};
		060345DF2C1BA36600E94EF3 /* PBXTargetDependency */ = {
			isa = PBXTargetDependency;
			target = 060345C22C1BA36400E94EF3 /* Aula 6 */;
			targetProxy = 060345DE2C1BA36600E94EF3 /* PBXContainerItemProxy */;
		};
/* End PBXTargetDependency section */

/* Begin XCBuildConfiguration section */
		060345E52C1BA36600E94EF3 /* Debug */ = {
			isa = XCBuildConfiguration;
			buildSettings = {
				ALWAYS_SEARCH_USER_PATHS = NO;
				ASSETCATALOG_COMPILER_GENERATE_SWIFT_ASSET_SYMBOL_EXTENSIONS = YES;
				CLANG_ANALYZER_NONNULL = YES;
				CLANG_ANALYZER_NUMBER_OBJECT_CONVERSION = YES_AGGRESSIVE;
				CLANG_CXX_LANGUAGE_STANDARD = "gnu++20";
				CLANG_ENABLE_MODULES = YES;
				CLANG_ENABLE_OBJC_ARC = YES;
				CLANG_ENABLE_OBJC_WEAK = YES;
				CLANG_WARN_BLOCK_CAPTURE_AUTORELEASING = YES;
				CLANG_WARN_BOOL_CONVERSION = YES;
				CLANG_WARN_COMMA = YES;
				CLANG_WARN_CONSTANT_CONVERSION = YES;
				CLANG_WARN_DEPRECATED_OBJC_IMPLEMENTATIONS = YES;
				CLANG_WARN_DIRECT_OBJC_ISA_USAGE = YES_ERROR;
				CLANG_WARN_DOCUMENTATION_COMMENTS = YES;
				CLANG_WARN_EMPTY_BODY = YES;
				CLANG_WARN_ENUM_CONVERSION = YES;
				CLANG_WARN_INFINITE_RECURSION = YES;
				CLANG_WARN_INT_CONVERSION = YES;
				CLANG_WARN_NON_LITERAL_NULL_CONVERSION = YES;
				CLANG_WARN_OBJC_IMPLICIT_RETAIN_SELF = YES;
				CLANG_WARN_OBJC_LITERAL_CONVERSION = YES;
				CLANG_WARN_OBJC_ROOT_CLASS = YES_ERROR;
				CLANG_WARN_QUOTED_INCLUDE_IN_FRAMEWORK_HEADER = YES;
				CLANG_WARN_RANGE_LOOP_ANALYSIS = YES;
				CLANG_WARN_STRICT_PROTOTYPES = YES;
				CLANG_WARN_SUSPICIOUS_MOVE = YES;
				CLANG_WARN_UNGUARDED_AVAILABILITY = YES_AGGRESSIVE;
				CLANG_WARN_UNREACHABLE_CODE = YES;
				CLANG_WARN__DUPLICATE_METHOD_MATCH = YES;
				COPY_PHASE_STRIP = NO;
				DEBUG_INFORMATION_FORMAT = dwarf;
				ENABLE_STRICT_OBJC_MSGSEND = YES;
				ENABLE_TESTABILITY = YES;
				ENABLE_USER_SCRIPT_SANDBOXING = YES;
				GCC_C_LANGUAGE_STANDARD = gnu17;
				GCC_DYNAMIC_NO_PIC = NO;
				GCC_NO_COMMON_BLOCKS = YES;
				GCC_OPTIMIZATION_LEVEL = 0;
				GCC_PREPROCESSOR_DEFINITIONS = (
					"DEBUG=1",
					"$(inherited)",
				);
				GCC_WARN_64_TO_32_BIT_CONVERSION = YES;
				GCC_WARN_ABOUT_RETURN_TYPE = YES_ERROR;
				GCC_WARN_UNDECLARED_SELECTOR = YES;
				GCC_WARN_UNINITIALIZED_AUTOS = YES_AGGRESSIVE;
				GCC_WARN_UNUSED_FUNCTION = YES;
				GCC_WARN_UNUSED_VARIABLE = YES;
				IPHONEOS_DEPLOYMENT_TARGET = 17.2;
				LOCALIZATION_PREFERS_STRING_CATALOGS = YES;
				MTL_ENABLE_DEBUG_INFO = INCLUDE_SOURCE;
				MTL_FAST_MATH = YES;
				ONLY_ACTIVE_ARCH = YES;
				SDKROOT = iphoneos;
				SWIFT_ACTIVE_COMPILATION_CONDITIONS = "DEBUG $(inherited)";
				SWIFT_OPTIMIZATION_LEVEL = "-Onone";
			};
			name = Debug;
		};
		060345E62C1BA36600E94EF3 /* Release */ = {
			isa = XCBuildConfiguration;
			buildSettings = {
				ALWAYS_SEARCH_USER_PATHS = NO;
				ASSETCATALOG_COMPILER_GENERATE_SWIFT_ASSET_SYMBOL_EXTENSIONS = YES;
				CLANG_ANALYZER_NONNULL = YES;
				CLANG_ANALYZER_NUMBER_OBJECT_CONVERSION = YES_AGGRESSIVE;
				CLANG_CXX_LANGUAGE_STANDARD = "gnu++20";
				CLANG_ENABLE_MODULES = YES;
				CLANG_ENABLE_OBJC_ARC = YES;
				CLANG_ENABLE_OBJC_WEAK = YES;
				CLANG_WARN_BLOCK_CAPTURE_AUTORELEASING = YES;
				CLANG_WARN_BOOL_CONVERSION = YES;
				CLANG_WARN_COMMA = YES;
				CLANG_WARN_CONSTANT_CONVERSION = YES;
				CLANG_WARN_DEPRECATED_OBJC_IMPLEMENTATIONS = YES;
				CLANG_WARN_DIRECT_OBJC_ISA_USAGE = YES_ERROR;
				CLANG_WARN_DOCUMENTATION_COMMENTS = YES;
				CLANG_WARN_EMPTY_BODY = YES;
				CLANG_WARN_ENUM_CONVERSION = YES;
				CLANG_WARN_INFINITE_RECURSION = YES;
				CLANG_WARN_INT_CONVERSION = YES;
				CLANG_WARN_NON_LITERAL_NULL_CONVERSION = YES;
				CLANG_WARN_OBJC_IMPLICIT_RETAIN_SELF = YES;
				CLANG_WARN_OBJC_LITERAL_CONVERSION = YES;
				CLANG_WARN_OBJC_ROOT_CLASS = YES_ERROR;
				CLANG_WARN_QUOTED_INCLUDE_IN_FRAMEWORK_HEADER = YES;
				CLANG_WARN_RANGE_LOOP_ANALYSIS = YES;
				CLANG_WARN_STRICT_PROTOTYPES = YES;
				CLANG_WARN_SUSPICIOUS_MOVE = YES;
				CLANG_WARN_UNGUARDED_AVAILABILITY = YES_AGGRESSIVE;
				CLANG_WARN_UNREACHABLE_CODE = YES;
				CLANG_WARN__DUPLICATE_METHOD_MATCH = YES;
				COPY_PHASE_STRIP = NO;
				DEBUG_INFORMATION_FORMAT = "dwarf-with-dsym";
				ENABLE_NS_ASSERTIONS = NO;
				ENABLE_STRICT_OBJC_MSGSEND = YES;
				ENABLE_USER_SCRIPT_SANDBOXING = YES;
				GCC_C_LANGUAGE_STANDARD = gnu17;
				GCC_NO_COMMON_BLOCKS = YES;
				GCC_WARN_64_TO_32_BIT_CONVERSION = YES;
				GCC_WARN_ABOUT_RETURN_TYPE = YES_ERROR;
				GCC_WARN_UNDECLARED_SELECTOR = YES;
				GCC_WARN_UNINITIALIZED_AUTOS = YES_AGGRESSIVE;
				GCC_WARN_UNUSED_FUNCTION = YES;
				GCC_WARN_UNUSED_VARIABLE = YES;
				IPHONEOS_DEPLOYMENT_TARGET = 17.2;
				LOCALIZATION_PREFERS_STRING_CATALOGS = YES;
				MTL_ENABLE_DEBUG_INFO = NO;
				MTL_FAST_MATH = YES;
				SDKROOT = iphoneos;
				SWIFT_COMPILATION_MODE = wholemodule;
				VALIDATE_PRODUCT = YES;
			};
			name = Release;
		};
		060345E82C1BA36600E94EF3 /* Debug */ = {
			isa = XCBuildConfiguration;
			buildSettings = {
				ASSETCATALOG_COMPILER_APPICON_NAME = AppIcon;
				ASSETCATALOG_COMPILER_GLOBAL_ACCENT_COLOR_NAME = AccentColor;
				CODE_SIGN_STYLE = Automatic;
				CURRENT_PROJECT_VERSION = 1;
				DEVELOPMENT_ASSET_PATHS = "\"Aula 6/Preview Content\"";
				ENABLE_PREVIEWS = YES;
				GENERATE_INFOPLIST_FILE = YES;
				INFOPLIST_KEY_UIApplicationSceneManifest_Generation = YES;
				INFOPLIST_KEY_UIApplicationSupportsIndirectInputEvents = YES;
				INFOPLIST_KEY_UILaunchScreen_Generation = YES;
				INFOPLIST_KEY_UISupportedInterfaceOrientations_iPad = "UIInterfaceOrientationPortrait UIInterfaceOrientationPortraitUpsideDown UIInterfaceOrientationLandscapeLeft UIInterfaceOrientationLandscapeRight";
				INFOPLIST_KEY_UISupportedInterfaceOrientations_iPhone = "UIInterfaceOrientationPortrait UIInterfaceOrientationLandscapeLeft UIInterfaceOrientationLandscapeRight";
				LD_RUNPATH_SEARCH_PATHS = (
					"$(inherited)",
					"@executable_path/Frameworks",
				);
				MARKETING_VERSION = 1.0;
				PRODUCT_BUNDLE_IDENTIFIER = "-.Aula-6";
				PRODUCT_NAME = "$(TARGET_NAME)";
				SWIFT_EMIT_LOC_STRINGS = YES;
				SWIFT_VERSION = 5.0;
				TARGETED_DEVICE_FAMILY = "1,2";
			};
			name = Debug;
		};
		060345E92C1BA36600E94EF3 /* Release */ = {
			isa = XCBuildConfiguration;
			buildSettings = {
				ASSETCATALOG_COMPILER_APPICON_NAME = AppIcon;
				ASSETCATALOG_COMPILER_GLOBAL_ACCENT_COLOR_NAME = AccentColor;
				CODE_SIGN_STYLE = Automatic;
				CURRENT_PROJECT_VERSION = 1;
				DEVELOPMENT_ASSET_PATHS = "\"Aula 6/Preview Content\"";
				ENABLE_PREVIEWS = YES;
				GENERATE_INFOPLIST_FILE = YES;
				INFOPLIST_KEY_UIApplicationSceneManifest_Generation = YES;
				INFOPLIST_KEY_UIApplicationSupportsIndirectInputEvents = YES;
				INFOPLIST_KEY_UILaunchScreen_Generation = YES;
				INFOPLIST_KEY_UISupportedInterfaceOrientations_iPad = "UIInterfaceOrientationPortrait UIInterfaceOrientationPortraitUpsideDown UIInterfaceOrientationLandscapeLeft UIInterfaceOrientationLandscapeRight";
				INFOPLIST_KEY_UISupportedInterfaceOrientations_iPhone = "UIInterfaceOrientationPortrait UIInterfaceOrientationLandscapeLeft UIInterfaceOrientationLandscapeRight";
				LD_RUNPATH_SEARCH_PATHS = (
					"$(inherited)",
					"@executable_path/Frameworks",
				);
				MARKETING_VERSION = 1.0;
				PRODUCT_BUNDLE_IDENTIFIER = "-.Aula-6";
				PRODUCT_NAME = "$(TARGET_NAME)";
				SWIFT_EMIT_LOC_STRINGS = YES;
				SWIFT_VERSION = 5.0;
				TARGETED_DEVICE_FAMILY = "1,2";
			};
			name = Release;
		};
		060345EB2C1BA36600E94EF3 /* Debug */ = {
			isa = XCBuildConfiguration;
			buildSettings = {
				ALWAYS_EMBED_SWIFT_STANDARD_LIBRARIES = YES;
				BUNDLE_LOADER = "$(TEST_HOST)";
				CODE_SIGN_STYLE = Automatic;
				CURRENT_PROJECT_VERSION = 1;
				GENERATE_INFOPLIST_FILE = YES;
				IPHONEOS_DEPLOYMENT_TARGET = 17.2;
				MARKETING_VERSION = 1.0;
				PRODUCT_BUNDLE_IDENTIFIER = "-.Aula-6Tests";
				PRODUCT_NAME = "$(TARGET_NAME)";
				SWIFT_EMIT_LOC_STRINGS = NO;
				SWIFT_VERSION = 5.0;
				TARGETED_DEVICE_FAMILY = "1,2";
				TEST_HOST = "$(BUILT_PRODUCTS_DIR)/Aula 6.app/$(BUNDLE_EXECUTABLE_FOLDER_PATH)/Aula 6";
			};
			name = Debug;
		};
		060345EC2C1BA36600E94EF3 /* Release */ = {
			isa = XCBuildConfiguration;
			buildSettings = {
				ALWAYS_EMBED_SWIFT_STANDARD_LIBRARIES = YES;
				BUNDLE_LOADER = "$(TEST_HOST)";
				CODE_SIGN_STYLE = Automatic;
				CURRENT_PROJECT_VERSION = 1;
				GENERATE_INFOPLIST_FILE = YES;
				IPHONEOS_DEPLOYMENT_TARGET = 17.2;
				MARKETING_VERSION = 1.0;
				PRODUCT_BUNDLE_IDENTIFIER = "-.Aula-6Tests";
				PRODUCT_NAME = "$(TARGET_NAME)";
				SWIFT_EMIT_LOC_STRINGS = NO;
				SWIFT_VERSION = 5.0;
				TARGETED_DEVICE_FAMILY = "1,2";
				TEST_HOST = "$(BUILT_PRODUCTS_DIR)/Aula 6.app/$(BUNDLE_EXECUTABLE_FOLDER_PATH)/Aula 6";
			};
			name = Release;
		};
		060345EE2C1BA36600E94EF3 /* Debug */ = {
			isa = XCBuildConfiguration;
			buildSettings = {
				ALWAYS_EMBED_SWIFT_STANDARD_LIBRARIES = YES;
				CODE_SIGN_STYLE = Automatic;
				CURRENT_PROJECT_VERSION = 1;
				GENERATE_INFOPLIST_FILE = YES;
				MARKETING_VERSION = 1.0;
				PRODUCT_BUNDLE_IDENTIFIER = "-.Aula-6UITests";
				PRODUCT_NAME = "$(TARGET_NAME)";
				SWIFT_EMIT_LOC_STRINGS = NO;
				SWIFT_VERSION = 5.0;
				TARGETED_DEVICE_FAMILY = "1,2";
				TEST_TARGET_NAME = "Aula 6";
			};
			name = Debug;
		};
		060345EF2C1BA36600E94EF3 /* Release */ = {
			isa = XCBuildConfiguration;
			buildSettings = {
				ALWAYS_EMBED_SWIFT_STANDARD_LIBRARIES = YES;
				CODE_SIGN_STYLE = Automatic;
				CURRENT_PROJECT_VERSION = 1;
				GENERATE_INFOPLIST_FILE = YES;
				MARKETING_VERSION = 1.0;
				PRODUCT_BUNDLE_IDENTIFIER = "-.Aula-6UITests";
				PRODUCT_NAME = "$(TARGET_NAME)";
				SWIFT_EMIT_LOC_STRINGS = NO;
				SWIFT_VERSION = 5.0;
				TARGETED_DEVICE_FAMILY = "1,2";
				TEST_TARGET_NAME = "Aula 6";
			};
			name = Release;
		};
/* End XCBuildConfiguration section */

/* Begin XCConfigurationList section */
		060345BE2C1BA36400E94EF3 /* Build configuration list for PBXProject "Aula 6" */ = {
			isa = XCConfigurationList;
			buildConfigurations = (
				060345E52C1BA36600E94EF3 /* Debug */,
				060345E62C1BA36600E94EF3 /* Release */,
			);
			defaultConfigurationIsVisible = 0;
			defaultConfigurationName = Release;
		};
		060345E72C1BA36600E94EF3 /* Build configuration list for PBXNativeTarget "Aula 6" */ = {
			isa = XCConfigurationList;
			buildConfigurations = (
				060345E82C1BA36600E94EF3 /* Debug */,
				060345E92C1BA36600E94EF3 /* Release */,
			);
			defaultConfigurationIsVisible = 0;
			defaultConfigurationName = Release;
		};
		060345EA2C1BA36600E94EF3 /* Build configuration list for PBXNativeTarget "Aula 6Tests" */ = {
			isa = XCConfigurationList;
			buildConfigurations = (
				060345EB2C1BA36600E94EF3 /* Debug */,
				060345EC2C1BA36600E94EF3 /* Release */,
			);
			defaultConfigurationIsVisible = 0;
			defaultConfigurationName = Release;
		};
		060345ED2C1BA36600E94EF3 /* Build configuration list for PBXNativeTarget "Aula 6UITests" */ = {
			isa = XCConfigurationList;
			buildConfigurations = (
				060345EE2C1BA36600E94EF3 /* Debug */,
				060345EF2C1BA36600E94EF3 /* Release */,
			);
			defaultConfigurationIsVisible = 0;
			defaultConfigurationName = Release;
		};
/* End XCConfigurationList section */
	};
	rootObject = 060345BB2C1BA36400E94EF3 /* Project object */;
}
